// !$*UTF8*$!
{
	archiveVersion = 1;
	classes = {
	};
	objectVersion = 50;
	objects = {

/* Begin PBXBuildFile section */
		9204886623F0C1BB00DDD57F /* EyeDetector.swift in Sources */ = {isa = PBXBuildFile; fileRef = 9204886523F0C1BB00DDD57F /* EyeDetector.swift */; };
		921CE84F240BE4B4004DD85A /* FlickeringViewMock.swift in Sources */ = {isa = PBXBuildFile; fileRef = 921CE84E240BE4B4004DD85A /* FlickeringViewMock.swift */; };
		921CE851240BE570004DD85A /* FlickeringView.swift in Sources */ = {isa = PBXBuildFile; fileRef = 921CE850240BE570004DD85A /* FlickeringView.swift */; };
		926C745A23C36B9900EA3E0F /* AppDelegate.swift in Sources */ = {isa = PBXBuildFile; fileRef = 926C745923C36B9900EA3E0F /* AppDelegate.swift */; };
		926C745C23C36B9900EA3E0F /* HomeViewController.swift in Sources */ = {isa = PBXBuildFile; fileRef = 926C745B23C36B9900EA3E0F /* HomeViewController.swift */; };
		926C745F23C36B9900EA3E0F /* Main.storyboard in Resources */ = {isa = PBXBuildFile; fileRef = 926C745D23C36B9900EA3E0F /* Main.storyboard */; };
		926C746123C36B9B00EA3E0F /* Assets.xcassets in Resources */ = {isa = PBXBuildFile; fileRef = 926C746023C36B9B00EA3E0F /* Assets.xcassets */; };
		926C746423C36B9B00EA3E0F /* LaunchScreen.storyboard in Resources */ = {isa = PBXBuildFile; fileRef = 926C746223C36B9B00EA3E0F /* LaunchScreen.storyboard */; };
		928386E9240ABABF0084F4CE /* AVAudioPlayer.swift in Sources */ = {isa = PBXBuildFile; fileRef = 928386E8240ABABE0084F4CE /* AVAudioPlayer.swift */; };
		928386EB240ABB4F0084F4CE /* AVAudioPlayerMock.swift in Sources */ = {isa = PBXBuildFile; fileRef = 928386EA240ABB4F0084F4CE /* AVAudioPlayerMock.swift */; };
		928386ED240ABD4A0084F4CE /* SettingsMock.swift in Sources */ = {isa = PBXBuildFile; fileRef = 928386EC240ABD4A0084F4CE /* SettingsMock.swift */; };
		92B37D3C2401B31C00846AD9 /* KeepEyesOpenViewControllerTest.swift in Sources */ = {isa = PBXBuildFile; fileRef = 92B37D3B2401B31C00846AD9 /* KeepEyesOpenViewControllerTest.swift */; };
		92EDCEB723C38F50003396DB /* MessageAlertController.swift in Sources */ = {isa = PBXBuildFile; fileRef = 92EDCEB623C38F50003396DB /* MessageAlertController.swift */; };
		92EDCEBA23C38FCE003396DB /* SingleCharUITextField.swift in Sources */ = {isa = PBXBuildFile; fileRef = 92EDCEB923C38FCE003396DB /* SingleCharUITextField.swift */; };
		92EDCEBC23C391A5003396DB /* DriveSafeConfig.swift in Sources */ = {isa = PBXBuildFile; fileRef = 92EDCEBB23C391A5003396DB /* DriveSafeConfig.swift */; };
		92EDCEBE23C391F6003396DB /* KeepEyesOpenViewController.swift in Sources */ = {isa = PBXBuildFile; fileRef = 92EDCEBD23C391F6003396DB /* KeepEyesOpenViewController.swift */; };
		92EDCEC023C39563003396DB /* alarm.wav in Resources */ = {isa = PBXBuildFile; fileRef = 92EDCEBF23C39562003396DB /* alarm.wav */; };
		92EDCEC923C39655003396DB /* HomeViewControllerTest.swift in Sources */ = {isa = PBXBuildFile; fileRef = 92EDCEC823C39655003396DB /* HomeViewControllerTest.swift */; };
		92EDCEE423C39930003396DB /* UIAlertAction+QCOMock.m in Sources */ = {isa = PBXBuildFile; fileRef = 92EDCED523C39930003396DB /* UIAlertAction+QCOMock.m */; };
		92EDCEE523C39930003396DB /* VerifyHelpers.swift in Sources */ = {isa = PBXBuildFile; fileRef = 92EDCED723C39930003396DB /* VerifyHelpers.swift */; };
		92EDCEE623C39930003396DB /* PresentationVerifier.swift in Sources */ = {isa = PBXBuildFile; fileRef = 92EDCED823C39930003396DB /* PresentationVerifier.swift */; };
		92EDCEE723C39930003396DB /* UIAlertController+QCOMock.m in Sources */ = {isa = PBXBuildFile; fileRef = 92EDCEDB23C39930003396DB /* UIAlertController+QCOMock.m */; };
		92EDCEE823C39930003396DB /* AlertVerifier.swift in Sources */ = {isa = PBXBuildFile; fileRef = 92EDCEDD23C39930003396DB /* AlertVerifier.swift */; };
		92EDCEE923C39930003396DB /* LICENSE.txt in Resources */ = {isa = PBXBuildFile; fileRef = 92EDCEDE23C39930003396DB /* LICENSE.txt */; };
		92EDCEEA23C39930003396DB /* NSObject+QCOMockAlerts.m in Sources */ = {isa = PBXBuildFile; fileRef = 92EDCEDF23C39930003396DB /* NSObject+QCOMockAlerts.m */; };
		92EDCEEB23C39930003396DB /* UIViewController+QCOMock.m in Sources */ = {isa = PBXBuildFile; fileRef = 92EDCEE023C39930003396DB /* UIViewController+QCOMock.m */; };
		92EDCEEC23C39930003396DB /* QCOMockPopoverPresentationController.m in Sources */ = {isa = PBXBuildFile; fileRef = 92EDCEE123C39930003396DB /* QCOMockPopoverPresentationController.m */; };
		92EDCEED23C39930003396DB /* DismissalVerifier.swift in Sources */ = {isa = PBXBuildFile; fileRef = 92EDCEE223C39930003396DB /* DismissalVerifier.swift */; };
		92EDCEEE23C39930003396DB /* ClosureContainer.swift in Sources */ = {isa = PBXBuildFile; fileRef = 92EDCEE323C39930003396DB /* ClosureContainer.swift */; };
		92EDCEF323C3A137003396DB /* UserDefaults.swift in Sources */ = {isa = PBXBuildFile; fileRef = 92EDCEF223C3A137003396DB /* UserDefaults.swift */; };
		92EDCEF723C3A2A3003396DB /* UserDefaultsMock.swift in Sources */ = {isa = PBXBuildFile; fileRef = 92EDCEF623C3A2A3003396DB /* UserDefaultsMock.swift */; };
		92EDCEF923C3A2FD003396DB /* TestHelpers.swift in Sources */ = {isa = PBXBuildFile; fileRef = 92EDCEF823C3A2FD003396DB /* TestHelpers.swift */; };
		92EDCEFC23C3A513003396DB /* Settings.swift in Sources */ = {isa = PBXBuildFile; fileRef = 92EDCEFB23C3A512003396DB /* Settings.swift */; };
		92EFC6F12402801900FA68B5 /* EyeDetectorSpy.swift in Sources */ = {isa = PBXBuildFile; fileRef = 92EFC6F02402801900FA68B5 /* EyeDetectorSpy.swift */; };
/* End PBXBuildFile section */

/* Begin PBXContainerItemProxy section */
		92EDCECB23C39655003396DB /* PBXContainerItemProxy */ = {
			isa = PBXContainerItemProxy;
			containerPortal = 926C744E23C36B9900EA3E0F /* Project object */;
			proxyType = 1;
			remoteGlobalIDString = 926C745523C36B9900EA3E0F;
			remoteInfo = "Drive Safe";
		};
/* End PBXContainerItemProxy section */

/* Begin PBXFileReference section */
		9204886523F0C1BB00DDD57F /* EyeDetector.swift */ = {isa = PBXFileReference; lastKnownFileType = sourcecode.swift; path = EyeDetector.swift; sourceTree = "<group>"; };
		921CE84E240BE4B4004DD85A /* FlickeringViewMock.swift */ = {isa = PBXFileReference; lastKnownFileType = sourcecode.swift; path = FlickeringViewMock.swift; sourceTree = "<group>"; };
		921CE850240BE570004DD85A /* FlickeringView.swift */ = {isa = PBXFileReference; lastKnownFileType = sourcecode.swift; path = FlickeringView.swift; sourceTree = "<group>"; };
		926C745623C36B9900EA3E0F /* Drive Safe.app */ = {isa = PBXFileReference; explicitFileType = wrapper.application; includeInIndex = 0; path = "Drive Safe.app"; sourceTree = BUILT_PRODUCTS_DIR; };
		926C745923C36B9900EA3E0F /* AppDelegate.swift */ = {isa = PBXFileReference; lastKnownFileType = sourcecode.swift; path = AppDelegate.swift; sourceTree = "<group>"; };
		926C745B23C36B9900EA3E0F /* HomeViewController.swift */ = {isa = PBXFileReference; lastKnownFileType = sourcecode.swift; path = HomeViewController.swift; sourceTree = "<group>"; };
		926C745E23C36B9900EA3E0F /* Base */ = {isa = PBXFileReference; lastKnownFileType = file.storyboard; name = Base; path = Base.lproj/Main.storyboard; sourceTree = "<group>"; };
		926C746023C36B9B00EA3E0F /* Assets.xcassets */ = {isa = PBXFileReference; lastKnownFileType = folder.assetcatalog; path = Assets.xcassets; sourceTree = "<group>"; };
		926C746323C36B9B00EA3E0F /* Base */ = {isa = PBXFileReference; lastKnownFileType = file.storyboard; name = Base; path = Base.lproj/LaunchScreen.storyboard; sourceTree = "<group>"; };
		926C746523C36B9B00EA3E0F /* Info.plist */ = {isa = PBXFileReference; lastKnownFileType = text.plist.xml; path = Info.plist; sourceTree = "<group>"; };
		928386E8240ABABE0084F4CE /* AVAudioPlayer.swift */ = {isa = PBXFileReference; lastKnownFileType = sourcecode.swift; path = AVAudioPlayer.swift; sourceTree = "<group>"; };
		928386EA240ABB4F0084F4CE /* AVAudioPlayerMock.swift */ = {isa = PBXFileReference; lastKnownFileType = sourcecode.swift; path = AVAudioPlayerMock.swift; sourceTree = "<group>"; };
		928386EC240ABD4A0084F4CE /* SettingsMock.swift */ = {isa = PBXFileReference; lastKnownFileType = sourcecode.swift; path = SettingsMock.swift; sourceTree = "<group>"; };
		92B37D3B2401B31C00846AD9 /* KeepEyesOpenViewControllerTest.swift */ = {isa = PBXFileReference; lastKnownFileType = sourcecode.swift; path = KeepEyesOpenViewControllerTest.swift; sourceTree = "<group>"; };
		92EDCEB623C38F50003396DB /* MessageAlertController.swift */ = {isa = PBXFileReference; lastKnownFileType = sourcecode.swift; path = MessageAlertController.swift; sourceTree = "<group>"; };
		92EDCEB923C38FCE003396DB /* SingleCharUITextField.swift */ = {isa = PBXFileReference; lastKnownFileType = sourcecode.swift; path = SingleCharUITextField.swift; sourceTree = "<group>"; };
		92EDCEBB23C391A5003396DB /* DriveSafeConfig.swift */ = {isa = PBXFileReference; lastKnownFileType = sourcecode.swift; path = DriveSafeConfig.swift; sourceTree = "<group>"; };
		92EDCEBD23C391F6003396DB /* KeepEyesOpenViewController.swift */ = {isa = PBXFileReference; lastKnownFileType = sourcecode.swift; path = KeepEyesOpenViewController.swift; sourceTree = "<group>"; };
		92EDCEBF23C39562003396DB /* alarm.wav */ = {isa = PBXFileReference; lastKnownFileType = audio.wav; path = alarm.wav; sourceTree = "<group>"; };
		92EDCEC623C39655003396DB /* Drive SafeTests.xctest */ = {isa = PBXFileReference; explicitFileType = wrapper.cfbundle; includeInIndex = 0; path = "Drive SafeTests.xctest"; sourceTree = BUILT_PRODUCTS_DIR; };
		92EDCEC823C39655003396DB /* HomeViewControllerTest.swift */ = {isa = PBXFileReference; lastKnownFileType = sourcecode.swift; path = HomeViewControllerTest.swift; sourceTree = "<group>"; };
		92EDCECA23C39655003396DB /* Info.plist */ = {isa = PBXFileReference; lastKnownFileType = text.plist.xml; path = Info.plist; sourceTree = "<group>"; };
		92EDCED323C39930003396DB /* ViewControllerPresentationSpy.h */ = {isa = PBXFileReference; fileEncoding = 4; lastKnownFileType = sourcecode.c.h; path = ViewControllerPresentationSpy.h; sourceTree = "<group>"; };
		92EDCED423C39930003396DB /* UIAlertController+QCOMock.h */ = {isa = PBXFileReference; fileEncoding = 4; lastKnownFileType = sourcecode.c.h; path = "UIAlertController+QCOMock.h"; sourceTree = "<group>"; };
		92EDCED523C39930003396DB /* UIAlertAction+QCOMock.m */ = {isa = PBXFileReference; fileEncoding = 4; lastKnownFileType = sourcecode.c.objc; path = "UIAlertAction+QCOMock.m"; sourceTree = "<group>"; };
		92EDCED623C39930003396DB /* NSObject+QCOMockAlerts.h */ = {isa = PBXFileReference; fileEncoding = 4; lastKnownFileType = sourcecode.c.h; path = "NSObject+QCOMockAlerts.h"; sourceTree = "<group>"; };
		92EDCED723C39930003396DB /* VerifyHelpers.swift */ = {isa = PBXFileReference; fileEncoding = 4; lastKnownFileType = sourcecode.swift; path = VerifyHelpers.swift; sourceTree = "<group>"; };
		92EDCED823C39930003396DB /* PresentationVerifier.swift */ = {isa = PBXFileReference; fileEncoding = 4; lastKnownFileType = sourcecode.swift; path = PresentationVerifier.swift; sourceTree = "<group>"; };
		92EDCED923C39930003396DB /* QCOMockPopoverPresentationController.h */ = {isa = PBXFileReference; fileEncoding = 4; lastKnownFileType = sourcecode.c.h; path = QCOMockPopoverPresentationController.h; sourceTree = "<group>"; };
		92EDCEDA23C39930003396DB /* UIViewController+QCOMock.h */ = {isa = PBXFileReference; fileEncoding = 4; lastKnownFileType = sourcecode.c.h; path = "UIViewController+QCOMock.h"; sourceTree = "<group>"; };
		92EDCEDB23C39930003396DB /* UIAlertController+QCOMock.m */ = {isa = PBXFileReference; fileEncoding = 4; lastKnownFileType = sourcecode.c.objc; path = "UIAlertController+QCOMock.m"; sourceTree = "<group>"; };
		92EDCEDC23C39930003396DB /* UIAlertAction+QCOMock.h */ = {isa = PBXFileReference; fileEncoding = 4; lastKnownFileType = sourcecode.c.h; path = "UIAlertAction+QCOMock.h"; sourceTree = "<group>"; };
		92EDCEDD23C39930003396DB /* AlertVerifier.swift */ = {isa = PBXFileReference; fileEncoding = 4; lastKnownFileType = sourcecode.swift; path = AlertVerifier.swift; sourceTree = "<group>"; };
		92EDCEDE23C39930003396DB /* LICENSE.txt */ = {isa = PBXFileReference; fileEncoding = 4; lastKnownFileType = text; path = LICENSE.txt; sourceTree = "<group>"; };
		92EDCEDF23C39930003396DB /* NSObject+QCOMockAlerts.m */ = {isa = PBXFileReference; fileEncoding = 4; lastKnownFileType = sourcecode.c.objc; path = "NSObject+QCOMockAlerts.m"; sourceTree = "<group>"; };
		92EDCEE023C39930003396DB /* UIViewController+QCOMock.m */ = {isa = PBXFileReference; fileEncoding = 4; lastKnownFileType = sourcecode.c.objc; path = "UIViewController+QCOMock.m"; sourceTree = "<group>"; };
		92EDCEE123C39930003396DB /* QCOMockPopoverPresentationController.m */ = {isa = PBXFileReference; fileEncoding = 4; lastKnownFileType = sourcecode.c.objc; path = QCOMockPopoverPresentationController.m; sourceTree = "<group>"; };
		92EDCEE223C39930003396DB /* DismissalVerifier.swift */ = {isa = PBXFileReference; fileEncoding = 4; lastKnownFileType = sourcecode.swift; path = DismissalVerifier.swift; sourceTree = "<group>"; };
		92EDCEE323C39930003396DB /* ClosureContainer.swift */ = {isa = PBXFileReference; fileEncoding = 4; lastKnownFileType = sourcecode.swift; path = ClosureContainer.swift; sourceTree = "<group>"; };
		92EDCEF023C39999003396DB /* Drive_SafeTests-Bridging-header.h */ = {isa = PBXFileReference; lastKnownFileType = sourcecode.c.h; path = "Drive_SafeTests-Bridging-header.h"; sourceTree = "<group>"; };
		92EDCEF223C3A137003396DB /* UserDefaults.swift */ = {isa = PBXFileReference; lastKnownFileType = sourcecode.swift; path = UserDefaults.swift; sourceTree = "<group>"; };
		92EDCEF623C3A2A3003396DB /* UserDefaultsMock.swift */ = {isa = PBXFileReference; lastKnownFileType = sourcecode.swift; path = UserDefaultsMock.swift; sourceTree = "<group>"; };
		92EDCEF823C3A2FD003396DB /* TestHelpers.swift */ = {isa = PBXFileReference; lastKnownFileType = sourcecode.swift; path = TestHelpers.swift; sourceTree = "<group>"; };
		92EDCEFB23C3A512003396DB /* Settings.swift */ = {isa = PBXFileReference; lastKnownFileType = sourcecode.swift; path = Settings.swift; sourceTree = "<group>"; };
		92EFC6F02402801900FA68B5 /* EyeDetectorSpy.swift */ = {isa = PBXFileReference; lastKnownFileType = sourcecode.swift; path = EyeDetectorSpy.swift; sourceTree = "<group>"; };
/* End PBXFileReference section */

/* Begin PBXFrameworksBuildPhase section */
		926C745323C36B9900EA3E0F /* Frameworks */ = {
			isa = PBXFrameworksBuildPhase;
			buildActionMask = 2147483647;
			files = (
			);
			runOnlyForDeploymentPostprocessing = 0;
		};
		92EDCEC323C39655003396DB /* Frameworks */ = {
			isa = PBXFrameworksBuildPhase;
			buildActionMask = 2147483647;
			files = (
			);
			runOnlyForDeploymentPostprocessing = 0;
		};
/* End PBXFrameworksBuildPhase section */

/* Begin PBXGroup section */
		9204885D23F0C04C00DDD57F /* Sources */ = {
			isa = PBXGroup;
			children = (
				92EDCEB523C38F2A003396DB /* Apllication */,
				9204885F23F0C07100DDD57F /* Main */,
				9204886023F0C0BF00DDD57F /* Features */,
				92EDCEB423C38F24003396DB /* Util */,
			);
			path = Sources;
			sourceTree = "<group>";
		};
		9204885F23F0C07100DDD57F /* Main */ = {
			isa = PBXGroup;
			children = (
				926C745923C36B9900EA3E0F /* AppDelegate.swift */,
				926C745D23C36B9900EA3E0F /* Main.storyboard */,
				926C746523C36B9B00EA3E0F /* Info.plist */,
			);
			path = Main;
			sourceTree = "<group>";
		};
		9204886023F0C0BF00DDD57F /* Features */ = {
			isa = PBXGroup;
			children = (
				9204886123F0C0FA00DDD57F /* Launch */,
				9204886223F0C10200DDD57F /* Home */,
				9204886323F0C11400DDD57F /* Keep Eyes Open */,
			);
			path = Features;
			sourceTree = "<group>";
		};
		9204886123F0C0FA00DDD57F /* Launch */ = {
			isa = PBXGroup;
			children = (
				926C746223C36B9B00EA3E0F /* LaunchScreen.storyboard */,
			);
			path = Launch;
			sourceTree = "<group>";
		};
		9204886223F0C10200DDD57F /* Home */ = {
			isa = PBXGroup;
			children = (
				926C745B23C36B9900EA3E0F /* HomeViewController.swift */,
			);
			path = Home;
			sourceTree = "<group>";
		};
		9204886323F0C11400DDD57F /* Keep Eyes Open */ = {
			isa = PBXGroup;
			children = (
				92EDCEBD23C391F6003396DB /* KeepEyesOpenViewController.swift */,
				9204886423F0C1B500DDD57F /* Detector */,
			);
			path = "Keep Eyes Open";
			sourceTree = "<group>";
		};
		9204886423F0C1B500DDD57F /* Detector */ = {
			isa = PBXGroup;
			children = (
				9204886523F0C1BB00DDD57F /* EyeDetector.swift */,
			);
			path = Detector;
			sourceTree = "<group>";
		};
		921CE852240BE5AE004DD85A /* View */ = {
			isa = PBXGroup;
			children = (
				92EDCEB923C38FCE003396DB /* SingleCharUITextField.swift */,
				921CE850240BE570004DD85A /* FlickeringView.swift */,
			);
			path = View;
			sourceTree = "<group>";
		};
		926C744D23C36B9900EA3E0F = {
			isa = PBXGroup;
			children = (
				926C745823C36B9900EA3E0F /* Drive Safe */,
				92EDCEC723C39655003396DB /* Drive SafeTests */,
				926C745723C36B9900EA3E0F /* Products */,
			);
			sourceTree = "<group>";
		};
		926C745723C36B9900EA3E0F /* Products */ = {
			isa = PBXGroup;
			children = (
				926C745623C36B9900EA3E0F /* Drive Safe.app */,
				92EDCEC623C39655003396DB /* Drive SafeTests.xctest */,
			);
			name = Products;
			sourceTree = "<group>";
		};
		926C745823C36B9900EA3E0F /* Drive Safe */ = {
			isa = PBXGroup;
			children = (
				9204885D23F0C04C00DDD57F /* Sources */,
				92EDCEC123C3956A003396DB /* Resources */,
				92EDCEBB23C391A5003396DB /* DriveSafeConfig.swift */,
			);
			path = "Drive Safe";
			sourceTree = "<group>";
		};
		92EDCEB423C38F24003396DB /* Util */ = {
			isa = PBXGroup;
			children = (
				921CE852240BE5AE004DD85A /* View */,
				928386E8240ABABE0084F4CE /* AVAudioPlayer.swift */,
				92EDCEB623C38F50003396DB /* MessageAlertController.swift */,
				92EDCEF223C3A137003396DB /* UserDefaults.swift */,
			);
			path = Util;
			sourceTree = "<group>";
		};
		92EDCEB523C38F2A003396DB /* Apllication */ = {
			isa = PBXGroup;
			children = (
				92EDCEFA23C3A508003396DB /* Settings */,
			);
			path = Apllication;
			sourceTree = "<group>";
		};
		92EDCEC123C3956A003396DB /* Resources */ = {
			isa = PBXGroup;
			children = (
				926C746023C36B9B00EA3E0F /* Assets.xcassets */,
				92EDCEBF23C39562003396DB /* alarm.wav */,
			);
			path = Resources;
			sourceTree = "<group>";
		};
		92EDCEC723C39655003396DB /* Drive SafeTests */ = {
			isa = PBXGroup;
			children = (
				92EFC6ED24027FAC00FA68B5 /* Sources */,
				92EDCEEF23C3993D003396DB /* Util */,
				92EDCECA23C39655003396DB /* Info.plist */,
				92EDCEF023C39999003396DB /* Drive_SafeTests-Bridging-header.h */,
			);
			path = "Drive SafeTests";
			sourceTree = "<group>";
		};
		92EDCED023C396CF003396DB /* Features */ = {
			isa = PBXGroup;
			children = (
				92EDCED123C396D7003396DB /* Home */,
				92EFC6EE24027FE200FA68B5 /* Keep Eyes Open */,
			);
			path = Features;
			sourceTree = "<group>";
		};
		92EDCED123C396D7003396DB /* Home */ = {
			isa = PBXGroup;
			children = (
				92EDCEC823C39655003396DB /* HomeViewControllerTest.swift */,
			);
			path = Home;
			sourceTree = "<group>";
		};
		92EDCED223C39930003396DB /* ViewControllerPresentationSpy */ = {
			isa = PBXGroup;
			children = (
				92EDCED323C39930003396DB /* ViewControllerPresentationSpy.h */,
				92EDCED423C39930003396DB /* UIAlertController+QCOMock.h */,
				92EDCED523C39930003396DB /* UIAlertAction+QCOMock.m */,
				92EDCED623C39930003396DB /* NSObject+QCOMockAlerts.h */,
				92EDCED723C39930003396DB /* VerifyHelpers.swift */,
				92EDCED823C39930003396DB /* PresentationVerifier.swift */,
				92EDCED923C39930003396DB /* QCOMockPopoverPresentationController.h */,
				92EDCEDA23C39930003396DB /* UIViewController+QCOMock.h */,
				92EDCEDB23C39930003396DB /* UIAlertController+QCOMock.m */,
				92EDCEDC23C39930003396DB /* UIAlertAction+QCOMock.h */,
				92EDCEDD23C39930003396DB /* AlertVerifier.swift */,
				92EDCEDE23C39930003396DB /* LICENSE.txt */,
				92EDCEDF23C39930003396DB /* NSObject+QCOMockAlerts.m */,
				92EDCEE023C39930003396DB /* UIViewController+QCOMock.m */,
				92EDCEE123C39930003396DB /* QCOMockPopoverPresentationController.m */,
				92EDCEE223C39930003396DB /* DismissalVerifier.swift */,
				92EDCEE323C39930003396DB /* ClosureContainer.swift */,
			);
			path = ViewControllerPresentationSpy;
			sourceTree = "<group>";
		};
		92EDCEEF23C3993D003396DB /* Util */ = {
			isa = PBXGroup;
			children = (
				928386EA240ABB4F0084F4CE /* AVAudioPlayerMock.swift */,
				921CE84E240BE4B4004DD85A /* FlickeringViewMock.swift */,
				92EDCEF823C3A2FD003396DB /* TestHelpers.swift */,
				92EDCEF623C3A2A3003396DB /* UserDefaultsMock.swift */,
				92EDCED223C39930003396DB /* ViewControllerPresentationSpy */,
			);
			path = Util;
			sourceTree = "<group>";
		};
		92EDCEFA23C3A508003396DB /* Settings */ = {
			isa = PBXGroup;
			children = (
				92EDCEFB23C3A512003396DB /* Settings.swift */,
			);
			path = Settings;
			sourceTree = "<group>";
		};
		92EFC6ED24027FAC00FA68B5 /* Sources */ = {
			isa = PBXGroup;
			children = (
				92EDCED023C396CF003396DB /* Features */,
			);
			path = Sources;
			sourceTree = "<group>";
		};
		92EFC6EE24027FE200FA68B5 /* Keep Eyes Open */ = {
			isa = PBXGroup;
			children = (
				92B37D3B2401B31C00846AD9 /* KeepEyesOpenViewControllerTest.swift */,
				928386EC240ABD4A0084F4CE /* SettingsMock.swift */,
				92EFC6EF24027FF200FA68B5 /* Detector */,
			);
			path = "Keep Eyes Open";
			sourceTree = "<group>";
		};
		92EFC6EF24027FF200FA68B5 /* Detector */ = {
			isa = PBXGroup;
			children = (
				92EFC6F02402801900FA68B5 /* EyeDetectorSpy.swift */,
			);
			path = Detector;
			sourceTree = "<group>";
		};
/* End PBXGroup section */

/* Begin PBXNativeTarget section */
		926C745523C36B9900EA3E0F /* Drive Safe */ = {
			isa = PBXNativeTarget;
			buildConfigurationList = 926C746823C36B9B00EA3E0F /* Build configuration list for PBXNativeTarget "Drive Safe" */;
			buildPhases = (
				926C745223C36B9900EA3E0F /* Sources */,
				926C745323C36B9900EA3E0F /* Frameworks */,
				926C745423C36B9900EA3E0F /* Resources */,
			);
			buildRules = (
			);
			dependencies = (
			);
			name = "Drive Safe";
			productName = "Drive Safe";
			productReference = 926C745623C36B9900EA3E0F /* Drive Safe.app */;
			productType = "com.apple.product-type.application";
		};
		92EDCEC523C39655003396DB /* Drive SafeTests */ = {
			isa = PBXNativeTarget;
			buildConfigurationList = 92EDCECD23C39655003396DB /* Build configuration list for PBXNativeTarget "Drive SafeTests" */;
			buildPhases = (
				92EDCEC223C39655003396DB /* Sources */,
				92EDCEC323C39655003396DB /* Frameworks */,
				92EDCEC423C39655003396DB /* Resources */,
			);
			buildRules = (
			);
			dependencies = (
				92EDCECC23C39655003396DB /* PBXTargetDependency */,
			);
			name = "Drive SafeTests";
			productName = "Drive SafeTests";
			productReference = 92EDCEC623C39655003396DB /* Drive SafeTests.xctest */;
			productType = "com.apple.product-type.bundle.unit-test";
		};
/* End PBXNativeTarget section */

/* Begin PBXProject section */
		926C744E23C36B9900EA3E0F /* Project object */ = {
			isa = PBXProject;
			attributes = {
				LastSwiftUpdateCheck = 1020;
				LastUpgradeCheck = 1020;
				ORGANIZATIONNAME = dmullaraj;
				TargetAttributes = {
					926C745523C36B9900EA3E0F = {
						CreatedOnToolsVersion = 10.2.1;
					};
					92EDCEC523C39655003396DB = {
						CreatedOnToolsVersion = 10.2.1;
						TestTargetID = 926C745523C36B9900EA3E0F;
					};
				};
			};
			buildConfigurationList = 926C745123C36B9900EA3E0F /* Build configuration list for PBXProject "Drive Safe" */;
			compatibilityVersion = "Xcode 9.3";
			developmentRegion = en;
			hasScannedForEncodings = 0;
			knownRegions = (
				en,
				Base,
			);
			mainGroup = 926C744D23C36B9900EA3E0F;
			productRefGroup = 926C745723C36B9900EA3E0F /* Products */;
			projectDirPath = "";
			projectRoot = "";
			targets = (
				926C745523C36B9900EA3E0F /* Drive Safe */,
				92EDCEC523C39655003396DB /* Drive SafeTests */,
			);
		};
/* End PBXProject section */

/* Begin PBXResourcesBuildPhase section */
		926C745423C36B9900EA3E0F /* Resources */ = {
			isa = PBXResourcesBuildPhase;
			buildActionMask = 2147483647;
			files = (
				926C746423C36B9B00EA3E0F /* LaunchScreen.storyboard in Resources */,
				926C746123C36B9B00EA3E0F /* Assets.xcassets in Resources */,
				92EDCEC023C39563003396DB /* alarm.wav in Resources */,
				926C745F23C36B9900EA3E0F /* Main.storyboard in Resources */,
			);
			runOnlyForDeploymentPostprocessing = 0;
		};
		92EDCEC423C39655003396DB /* Resources */ = {
			isa = PBXResourcesBuildPhase;
			buildActionMask = 2147483647;
			files = (
				92EDCEE923C39930003396DB /* LICENSE.txt in Resources */,
			);
			runOnlyForDeploymentPostprocessing = 0;
		};
/* End PBXResourcesBuildPhase section */

/* Begin PBXSourcesBuildPhase section */
		926C745223C36B9900EA3E0F /* Sources */ = {
			isa = PBXSourcesBuildPhase;
			buildActionMask = 2147483647;
			files = (
				921CE851240BE570004DD85A /* FlickeringView.swift in Sources */,
				92EDCEBC23C391A5003396DB /* DriveSafeConfig.swift in Sources */,
				926C745C23C36B9900EA3E0F /* HomeViewController.swift in Sources */,
				92EDCEBE23C391F6003396DB /* KeepEyesOpenViewController.swift in Sources */,
				92EDCEBA23C38FCE003396DB /* SingleCharUITextField.swift in Sources */,
				92EDCEFC23C3A513003396DB /* Settings.swift in Sources */,
				92EDCEF323C3A137003396DB /* UserDefaults.swift in Sources */,
				92EDCEB723C38F50003396DB /* MessageAlertController.swift in Sources */,
				9204886623F0C1BB00DDD57F /* EyeDetector.swift in Sources */,
				928386E9240ABABF0084F4CE /* AVAudioPlayer.swift in Sources */,
				926C745A23C36B9900EA3E0F /* AppDelegate.swift in Sources */,
			);
			runOnlyForDeploymentPostprocessing = 0;
		};
		92EDCEC223C39655003396DB /* Sources */ = {
			isa = PBXSourcesBuildPhase;
			buildActionMask = 2147483647;
			files = (
				92EDCEE823C39930003396DB /* AlertVerifier.swift in Sources */,
				92B37D3C2401B31C00846AD9 /* KeepEyesOpenViewControllerTest.swift in Sources */,
				928386EB240ABB4F0084F4CE /* AVAudioPlayerMock.swift in Sources */,
				92EDCEE423C39930003396DB /* UIAlertAction+QCOMock.m in Sources */,
				921CE84F240BE4B4004DD85A /* FlickeringViewMock.swift in Sources */,
				92EDCEF723C3A2A3003396DB /* UserDefaultsMock.swift in Sources */,
				92EDCEEB23C39930003396DB /* UIViewController+QCOMock.m in Sources */,
				92EDCEED23C39930003396DB /* DismissalVerifier.swift in Sources */,
				92EDCEEE23C39930003396DB /* ClosureContainer.swift in Sources */,
				92EDCEEA23C39930003396DB /* NSObject+QCOMockAlerts.m in Sources */,
				92EFC6F12402801900FA68B5 /* EyeDetectorSpy.swift in Sources */,
				92EDCEE623C39930003396DB /* PresentationVerifier.swift in Sources */,
				92EDCEF923C3A2FD003396DB /* TestHelpers.swift in Sources */,
				92EDCEC923C39655003396DB /* HomeViewControllerTest.swift in Sources */,
				92EDCEE523C39930003396DB /* VerifyHelpers.swift in Sources */,
				928386ED240ABD4A0084F4CE /* SettingsMock.swift in Sources */,
				92EDCEEC23C39930003396DB /* QCOMockPopoverPresentationController.m in Sources */,
				92EDCEE723C39930003396DB /* UIAlertController+QCOMock.m in Sources */,
			);
			runOnlyForDeploymentPostprocessing = 0;
		};
/* End PBXSourcesBuildPhase section */

/* Begin PBXTargetDependency section */
		92EDCECC23C39655003396DB /* PBXTargetDependency */ = {
			isa = PBXTargetDependency;
			target = 926C745523C36B9900EA3E0F /* Drive Safe */;
			targetProxy = 92EDCECB23C39655003396DB /* PBXContainerItemProxy */;
		};
/* End PBXTargetDependency section */

/* Begin PBXVariantGroup section */
		926C745D23C36B9900EA3E0F /* Main.storyboard */ = {
			isa = PBXVariantGroup;
			children = (
				926C745E23C36B9900EA3E0F /* Base */,
			);
			name = Main.storyboard;
			sourceTree = "<group>";
		};
		926C746223C36B9B00EA3E0F /* LaunchScreen.storyboard */ = {
			isa = PBXVariantGroup;
			children = (
				926C746323C36B9B00EA3E0F /* Base */,
			);
			name = LaunchScreen.storyboard;
			sourceTree = "<group>";
		};
/* End PBXVariantGroup section */

/* Begin XCBuildConfiguration section */
		926C746623C36B9B00EA3E0F /* Debug */ = {
			isa = XCBuildConfiguration;
			buildSettings = {
				ALWAYS_SEARCH_USER_PATHS = NO;
				CLANG_ANALYZER_NONNULL = YES;
				CLANG_ANALYZER_NUMBER_OBJECT_CONVERSION = YES_AGGRESSIVE;
				CLANG_CXX_LANGUAGE_STANDARD = "gnu++14";
				CLANG_CXX_LIBRARY = "libc++";
				CLANG_ENABLE_MODULES = YES;
				CLANG_ENABLE_OBJC_ARC = YES;
				CLANG_ENABLE_OBJC_WEAK = YES;
				CLANG_WARN_BLOCK_CAPTURE_AUTORELEASING = YES;
				CLANG_WARN_BOOL_CONVERSION = YES;
				CLANG_WARN_COMMA = YES;
				CLANG_WARN_CONSTANT_CONVERSION = YES;
				CLANG_WARN_DEPRECATED_OBJC_IMPLEMENTATIONS = YES;
				CLANG_WARN_DIRECT_OBJC_ISA_USAGE = YES_ERROR;
				CLANG_WARN_DOCUMENTATION_COMMENTS = YES;
				CLANG_WARN_EMPTY_BODY = YES;
				CLANG_WARN_ENUM_CONVERSION = YES;
				CLANG_WARN_INFINITE_RECURSION = YES;
				CLANG_WARN_INT_CONVERSION = YES;
				CLANG_WARN_NON_LITERAL_NULL_CONVERSION = YES;
				CLANG_WARN_OBJC_IMPLICIT_RETAIN_SELF = YES;
				CLANG_WARN_OBJC_LITERAL_CONVERSION = YES;
				CLANG_WARN_OBJC_ROOT_CLASS = YES_ERROR;
				CLANG_WARN_RANGE_LOOP_ANALYSIS = YES;
				CLANG_WARN_STRICT_PROTOTYPES = YES;
				CLANG_WARN_SUSPICIOUS_MOVE = YES;
				CLANG_WARN_UNGUARDED_AVAILABILITY = YES_AGGRESSIVE;
				CLANG_WARN_UNREACHABLE_CODE = YES;
				CLANG_WARN__DUPLICATE_METHOD_MATCH = YES;
				CODE_SIGN_IDENTITY = "iPhone Developer";
				COPY_PHASE_STRIP = NO;
				DEBUG_INFORMATION_FORMAT = dwarf;
				ENABLE_STRICT_OBJC_MSGSEND = YES;
				ENABLE_TESTABILITY = YES;
				GCC_C_LANGUAGE_STANDARD = gnu11;
				GCC_DYNAMIC_NO_PIC = NO;
				GCC_NO_COMMON_BLOCKS = YES;
				GCC_OPTIMIZATION_LEVEL = 0;
				GCC_PREPROCESSOR_DEFINITIONS = (
					"DEBUG=1",
					"$(inherited)",
				);
				GCC_WARN_64_TO_32_BIT_CONVERSION = YES;
				GCC_WARN_ABOUT_RETURN_TYPE = YES_ERROR;
				GCC_WARN_UNDECLARED_SELECTOR = YES;
				GCC_WARN_UNINITIALIZED_AUTOS = YES_AGGRESSIVE;
				GCC_WARN_UNUSED_FUNCTION = YES;
				GCC_WARN_UNUSED_VARIABLE = YES;
				IPHONEOS_DEPLOYMENT_TARGET = 12.2;
				MTL_ENABLE_DEBUG_INFO = INCLUDE_SOURCE;
				MTL_FAST_MATH = YES;
				ONLY_ACTIVE_ARCH = YES;
				SDKROOT = iphoneos;
				SWIFT_ACTIVE_COMPILATION_CONDITIONS = DEBUG;
				SWIFT_OPTIMIZATION_LEVEL = "-Onone";
			};
			name = Debug;
		};
		926C746723C36B9B00EA3E0F /* Release */ = {
			isa = XCBuildConfiguration;
			buildSettings = {
				ALWAYS_SEARCH_USER_PATHS = NO;
				CLANG_ANALYZER_NONNULL = YES;
				CLANG_ANALYZER_NUMBER_OBJECT_CONVERSION = YES_AGGRESSIVE;
				CLANG_CXX_LANGUAGE_STANDARD = "gnu++14";
				CLANG_CXX_LIBRARY = "libc++";
				CLANG_ENABLE_MODULES = YES;
				CLANG_ENABLE_OBJC_ARC = YES;
				CLANG_ENABLE_OBJC_WEAK = YES;
				CLANG_WARN_BLOCK_CAPTURE_AUTORELEASING = YES;
				CLANG_WARN_BOOL_CONVERSION = YES;
				CLANG_WARN_COMMA = YES;
				CLANG_WARN_CONSTANT_CONVERSION = YES;
				CLANG_WARN_DEPRECATED_OBJC_IMPLEMENTATIONS = YES;
				CLANG_WARN_DIRECT_OBJC_ISA_USAGE = YES_ERROR;
				CLANG_WARN_DOCUMENTATION_COMMENTS = YES;
				CLANG_WARN_EMPTY_BODY = YES;
				CLANG_WARN_ENUM_CONVERSION = YES;
				CLANG_WARN_INFINITE_RECURSION = YES;
				CLANG_WARN_INT_CONVERSION = YES;
				CLANG_WARN_NON_LITERAL_NULL_CONVERSION = YES;
				CLANG_WARN_OBJC_IMPLICIT_RETAIN_SELF = YES;
				CLANG_WARN_OBJC_LITERAL_CONVERSION = YES;
				CLANG_WARN_OBJC_ROOT_CLASS = YES_ERROR;
				CLANG_WARN_RANGE_LOOP_ANALYSIS = YES;
				CLANG_WARN_STRICT_PROTOTYPES = YES;
				CLANG_WARN_SUSPICIOUS_MOVE = YES;
				CLANG_WARN_UNGUARDED_AVAILABILITY = YES_AGGRESSIVE;
				CLANG_WARN_UNREACHABLE_CODE = YES;
				CLANG_WARN__DUPLICATE_METHOD_MATCH = YES;
				CODE_SIGN_IDENTITY = "iPhone Developer";
				COPY_PHASE_STRIP = NO;
				DEBUG_INFORMATION_FORMAT = "dwarf-with-dsym";
				ENABLE_NS_ASSERTIONS = NO;
				ENABLE_STRICT_OBJC_MSGSEND = YES;
				GCC_C_LANGUAGE_STANDARD = gnu11;
				GCC_NO_COMMON_BLOCKS = YES;
				GCC_WARN_64_TO_32_BIT_CONVERSION = YES;
				GCC_WARN_ABOUT_RETURN_TYPE = YES_ERROR;
				GCC_WARN_UNDECLARED_SELECTOR = YES;
				GCC_WARN_UNINITIALIZED_AUTOS = YES_AGGRESSIVE;
				GCC_WARN_UNUSED_FUNCTION = YES;
				GCC_WARN_UNUSED_VARIABLE = YES;
				IPHONEOS_DEPLOYMENT_TARGET = 12.2;
				MTL_ENABLE_DEBUG_INFO = NO;
				MTL_FAST_MATH = YES;
				SDKROOT = iphoneos;
				SWIFT_COMPILATION_MODE = wholemodule;
				SWIFT_OPTIMIZATION_LEVEL = "-O";
				VALIDATE_PRODUCT = YES;
			};
			name = Release;
		};
		926C746923C36B9B00EA3E0F /* Debug */ = {
			isa = XCBuildConfiguration;
			buildSettings = {
				ASSETCATALOG_COMPILER_APPICON_NAME = AppIcon;
				CODE_SIGN_STYLE = Automatic;
				DEVELOPMENT_TEAM = BZ82PGH984;
				INFOPLIST_FILE = "Drive Safe/Sources/Main/Info.plist";
				LD_RUNPATH_SEARCH_PATHS = (
					"$(inherited)",
					"@executable_path/Frameworks",
				);
				PRODUCT_BUNDLE_IDENTIFIER = "al.dmullaraj.Drive-Safe";
				PRODUCT_NAME = "$(TARGET_NAME)";
				SWIFT_VERSION = 5.0;
				TARGETED_DEVICE_FAMILY = 1;
			};
			name = Debug;
		};
		926C746A23C36B9B00EA3E0F /* Release */ = {
			isa = XCBuildConfiguration;
			buildSettings = {
				ASSETCATALOG_COMPILER_APPICON_NAME = AppIcon;
				CODE_SIGN_STYLE = Automatic;
				DEVELOPMENT_TEAM = BZ82PGH984;
				INFOPLIST_FILE = "Drive Safe/Sources/Main/Info.plist";
				LD_RUNPATH_SEARCH_PATHS = (
					"$(inherited)",
					"@executable_path/Frameworks",
				);
				PRODUCT_BUNDLE_IDENTIFIER = "al.dmullaraj.Drive-Safe";
				PRODUCT_NAME = "$(TARGET_NAME)";
				SWIFT_VERSION = 5.0;
				TARGETED_DEVICE_FAMILY = 1;
			};
			name = Release;
		};
		92EDCECE23C39655003396DB /* Debug */ = {
			isa = XCBuildConfiguration;
			buildSettings = {
				BUNDLE_LOADER = "$(TEST_HOST)";
				CODE_SIGN_STYLE = Automatic;
				DEVELOPMENT_TEAM = BZ82PGH984;
				FRAMEWORK_SEARCH_PATHS = "";
				HEADER_SEARCH_PATHS = "";
				INFOPLIST_FILE = "Drive SafeTests/Info.plist";
				LD_RUNPATH_SEARCH_PATHS = (
					"$(inherited)",
					"@executable_path/Frameworks",
					"@loader_path/Frameworks",
				);
				LIBRARY_SEARCH_PATHS = "";
				PRODUCT_BUNDLE_IDENTIFIER = "al.dmullaraj.Drive-SafeTests";
				PRODUCT_NAME = "$(TARGET_NAME)";
				SWIFT_OBJC_BRIDGING_HEADER = "./Drive SafeTests/Drive_SafeTests-Bridging-header.h";
				SWIFT_VERSION = 5.0;
				TARGETED_DEVICE_FAMILY = "1,2";
				TEST_HOST = "$(BUILT_PRODUCTS_DIR)/Drive Safe.app/Drive Safe";
			};
			name = Debug;
		};
		92EDCECF23C39655003396DB /* Release */ = {
			isa = XCBuildConfiguration;
			buildSettings = {
				BUNDLE_LOADER = "$(TEST_HOST)";
				CODE_SIGN_STYLE = Automatic;
				DEVELOPMENT_TEAM = BZ82PGH984;
				FRAMEWORK_SEARCH_PATHS = "";
				HEADER_SEARCH_PATHS = "";
				INFOPLIST_FILE = "Drive SafeTests/Info.plist";
				LD_RUNPATH_SEARCH_PATHS = (
					"$(inherited)",
					"@executable_path/Frameworks",
					"@loader_path/Frameworks",
				);
				LIBRARY_SEARCH_PATHS = "";
				PRODUCT_BUNDLE_IDENTIFIER = "al.dmullaraj.Drive-SafeTests";
				PRODUCT_NAME = "$(TARGET_NAME)";
				SWIFT_OBJC_BRIDGING_HEADER = "./Drive SafeTests/Drive_SafeTests-Bridging-header.h";
				SWIFT_VERSION = 5.0;
				TARGETED_DEVICE_FAMILY = "1,2";
				TEST_HOST = "$(BUILT_PRODUCTS_DIR)/Drive Safe.app/Drive Safe";
			};
			name = Release;
		};
/* End XCBuildConfiguration section */

/* Begin XCConfigurationList section */
		926C745123C36B9900EA3E0F /* Build configuration list for PBXProject "Drive Safe" */ = {
			isa = XCConfigurationList;
			buildConfigurations = (
				926C746623C36B9B00EA3E0F /* Debug */,
				926C746723C36B9B00EA3E0F /* Release */,
			);
			defaultConfigurationIsVisible = 0;
			defaultConfigurationName = Release;
		};
		926C746823C36B9B00EA3E0F /* Build configuration list for PBXNativeTarget "Drive Safe" */ = {
			isa = XCConfigurationList;
			buildConfigurations = (
				926C746923C36B9B00EA3E0F /* Debug */,
				926C746A23C36B9B00EA3E0F /* Release */,
			);
			defaultConfigurationIsVisible = 0;
			defaultConfigurationName = Release;
		};
		92EDCECD23C39655003396DB /* Build configuration list for PBXNativeTarget "Drive SafeTests" */ = {
			isa = XCConfigurationList;
			buildConfigurations = (
				92EDCECE23C39655003396DB /* Debug */,
				92EDCECF23C39655003396DB /* Release */,
			);
			defaultConfigurationIsVisible = 0;
			defaultConfigurationName = Release;
		};
/* End XCConfigurationList section */
	};
	rootObject = 926C744E23C36B9900EA3E0F /* Project object */;
}
